
Microsoft Visual Studio Solution File, Format Version 10.00
# Visual Studio 2008
Project("{FAE04EC0-301F-11D3-BF4B-00C04F79EFBC}") = "CSProlog", "CSProlog\CSProlog.csproj", "{C2732069-700B-4E33-8FB7-7758FDBA4523}"
EndProject
Project("{FAE04EC0-301F-11D3-BF4B-00C04F79EFBC}") = "PrologTestGUI", "PrologTestGUI\PrologTestGUI.csproj", "{43C7405B-5FEE-4E31-9FBB-D2F06E6B976B}"
EndProject
Global
	GlobalSection(SolutionConfigurationPlatforms) = preSolution
		Debug|Any CPU = Debug|Any CPU
		Release|Any CPU = Release|Any CPU
	EndGlobalSection
	GlobalSection(ProjectConfigurationPlatforms) = postSolution
		{C2732069-700B-4E33-8FB7-7758FDBA4523}.Debug|Any CPU.ActiveCfg = Debug|Any CPU
		{C2732069-700B-4E33-8FB7-7758FDBA4523}.Debug|Any CPU.Build.0 = Debug|Any CPU
		{C2732069-700B-4E33-8FB7-7758FDBA4523}.Release|Any CPU.ActiveCfg = Release|Any CPU
		{C2732069-700B-4E33-8FB7-7758FDBA4523}.Release|Any CPU.Build.0 = Release|Any CPU
		{43C7405B-5FEE-4E31-9FBB-D2F06E6B976B}.Debug|Any CPU.ActiveCfg = Debug|Any CPU
		{43C7405B-5FEE-4E31-9FBB-D2F06E6B976B}.Debug|Any CPU.Build.0 = Debug|Any CPU
		{43C7405B-5FEE-4E31-9FBB-D2F06E6B976B}.Release|Any CPU.ActiveCfg = Release|Any CPU
		{43C7405B-5FEE-4E31-9FBB-D2F06E6B976B}.Release|Any CPU.Build.0 = Release|Any CPU
	EndGlobalSection
	GlobalSection(SolutionProperties) = preSolution
		HideSolutionNode = FALSE
	EndGlobalSection
EndGlobal
