Microsoft Visual Studio Solution File, Format Version 10.00
# Visual Studio 2008
Project("{FAE04EC0-301F-11D3-BF4B-00C04F79EFBC}") = "ADES", "ADES\ADES.csproj", "{5101E19A-63DE-4DDB-861D-07094EC86C84}"
EndProject
Project("{FAE04EC0-301F-11D3-BF4B-00C04F79EFBC}") = "BOUNLib.NET", "BOUNLib.NET\BOUNLib.NET.csproj", "{DADE2C4A-2BCA-4E72-B662-C3142BD7E2D1}"
EndProject
Project("{FAE04EC0-301F-11D3-BF4B-00C04F79EFBC}") = "Core", "..\..\..\PhDLibs\AForge.NET Framework\Sources\Core\Core.csproj", "{631AC093-430F-45F4-BA0C-AF0F0405918A}"
EndProject
Project("{FAE04EC0-301F-11D3-BF4B-00C04F79EFBC}") = "Math", "..\..\..\PhDLibs\AForge.NET Framework\Sources\Math\Math.csproj", "{C0FAF524-72E4-46F7-8C1B-A6B74DEC5EBE}"
EndProject
Project("{FAE04EC0-301F-11D3-BF4B-00C04F79EFBC}") = "Imaging", "..\..\..\PhDLibs\AForge.NET Framework\Sources\Imaging\Imaging.csproj", "{C6A8B9AE-0749-41C7-8FF9-02C156696F45}"
EndProject
Project("{FAE04EC0-301F-11D3-BF4B-00C04F79EFBC}") = "Imaging.Formats", "..\..\..\PhDLibs\AForge.NET Framework\Sources\Imaging.Formats\Imaging.Formats.csproj", "{50050BA8-B739-4931-8DBA-D77A031537FF}"
EndProject
Project("{FAE04EC0-301F-11D3-BF4B-00C04F79EFBC}") = "Genetic", "..\..\..\PhDLibs\AForge.NET Framework\Sources\Genetic\Genetic.csproj", "{2EFAA327-1789-4438-B9F5-E83ACAE12DB2}"
EndProject
Project("{FAE04EC0-301F-11D3-BF4B-00C04F79EFBC}") = "DirectShowLib-2005", "..\..\..\PhDLibs\DirctShowLibV2\src\DirectShowLib-2005.csproj", "{CE009BFA-5EF6-4153-B2A1-2FA79698A9AE}"
EndProject
Project("{FAE04EC0-301F-11D3-BF4B-00C04F79EFBC}") = "SVM", "..\..\..\PhDLibs\SVM\SVM\SVM.csproj", "{2A381CBB-8291-435C-A8E3-BBF3B590B2B6}"
EndProject
Project("{FAE04EC0-301F-11D3-BF4B-00C04F79EFBC}") = "Neuro", "..\..\..\PhDLibs\AForge.NET Framework\Sources\Neuro\Neuro.csproj", "{02B5E453-2085-4E41-86D9-C8E8A03FB1B9}"
EndProject
Project("{FAE04EC0-301F-11D3-BF4B-00C04F79EFBC}") = "ALGLIB_LDA", "..\..\..\PhDLibs\LDA\ALGLIB_LDA\ALGLIB_LDA.csproj", "{B17F825B-B40B-425C-B92F-FC82E030C985}"
EndProject
Project("{FAE04EC0-301F-11D3-BF4B-00C04F79EFBC}") = "OpenSURF", "..\..\..\PhDLibs\OpenSURF\OpenSURF\OpenSURF.csproj", "{3988AC40-E13E-4334-8E19-766096655B1E}"
EndProject
Project("{FAE04EC0-301F-11D3-BF4B-00C04F79EFBC}") = "Accord.Neuro", "..\..\..\PhDLibs\accord-levenberg\Sources\Accord.Neuro\Accord.Neuro.csproj", "{179F3045-8757-4F4B-9508-F48327BA11E3}"
EndProject
Project("{FAE04EC0-301F-11D3-BF4B-00C04F79EFBC}") = "Accord.Math", "..\..\..\PhDLibs\accord-levenberg\Sources\Accord.Math\Accord.Math.csproj", "{F718E9A8-DB62-4785-8C49-4333A60D256A}"
EndProject
Project("{2150E333-8FDC-42A3-9474-1A3956D46DE8}") = "ADESCore", "ADESCore", "{8ED23899-7656-4F26-A5C4-3075DA59E4DA}"
EndProject
Project("{2150E333-8FDC-42A3-9474-1A3956D46DE8}") = "ADESUnreal", "ADESUnreal", "{775016F5-39B2-4B4F-9261-D1EB503184EE}"
EndProject
Project("{FAE04EC0-301F-11D3-BF4B-00C04F79EFBC}") = "AdesUnrealController", "AdesUnrealController\AdesUnrealController.csproj", "{7D52E35F-F376-49C8-A917-F7D06CC85800}"
EndProject
Project("{8BC9CEB8-8B4A-11D0-8D11-00A0C91BC942}") = "upisEx", "upisEx\upisEx.vcproj", "{0FDEEE64-60E3-4772-927B-2EAAE4441280}"
	ProjectSection(ProjectDependencies) = postProject
		{BEDC030C-18DB-43C7-A5DD-4A44C7791CFD} = {BEDC030C-18DB-43C7-A5DD-4A44C7791CFD}
	EndProjectSection
EndProject
Project("{8BC9CEB8-8B4A-11D0-8D11-00A0C91BC942}") = "upisdll", "imageServer\upisdll\upisdll.vcproj", "{BEDC030C-18DB-43C7-A5DD-4A44C7791CFD}"
EndProject
Project("{2150E333-8FDC-42A3-9474-1A3956D46DE8}") = "AForge", "AForge", "{C699A09C-76A9-4CB1-9EF3-0855C82D2A96}"
EndProject
Project("{2150E333-8FDC-42A3-9474-1A3956D46DE8}") = "AccordLevenberg", "AccordLevenberg", "{DBCB8926-7842-434F-9FB3-38E0E085DD1E}"
EndProject
Project("{2150E333-8FDC-42A3-9474-1A3956D46DE8}") = "Libraries", "Libraries", "{84F78106-8AB6-470B-93EB-2630D3894B6F}"
EndProject
Project("{2150E333-8FDC-42A3-9474-1A3956D46DE8}") = "CSProlog", "CSProlog", "{C0D388D0-6C32-4F5E-8E03-07C5F2B6DF9E}"
EndProject
Project("{FAE04EC0-301F-11D3-BF4B-00C04F79EFBC}") = "CSProlog", "CSProlog\CSProlog\CSProlog.csproj", "{C2732069-700B-4E33-8FB7-7758FDBA4523}"
EndProject
Project("{FAE04EC0-301F-11D3-BF4B-00C04F79EFBC}") = "PrologTestGUI", "CSProlog\PrologTestGUI\PrologTestGUI.csproj", "{43C7405B-5FEE-4E31-9FBB-D2F06E6B976B}"
EndProject
Project("{FAE04EC0-301F-11D3-BF4B-00C04F79EFBC}") = "ADESTest", "ADESTest\ADESTest.csproj", "{D607E0FD-90F1-466C-A07E-AC1CC8004993}"
EndProject
Global
	GlobalSection(SolutionConfigurationPlatforms) = preSolution
		Debug|Any CPU = Debug|Any CPU
		Debug|Mixed Platforms = Debug|Mixed Platforms
		Debug|Win32 = Debug|Win32
		Debug|x86 = Debug|x86
		LibraryRelease|Any CPU = LibraryRelease|Any CPU
		LibraryRelease|Mixed Platforms = LibraryRelease|Mixed Platforms
		LibraryRelease|Win32 = LibraryRelease|Win32
		LibraryRelease|x86 = LibraryRelease|x86
		Release|Any CPU = Release|Any CPU
		Release|Mixed Platforms = Release|Mixed Platforms
		Release|Win32 = Release|Win32
		Release|x86 = Release|x86
	EndGlobalSection
	GlobalSection(ProjectConfigurationPlatforms) = postSolution
		{5101E19A-63DE-4DDB-861D-07094EC86C84}.Debug|Any CPU.ActiveCfg = Debug|Any CPU
		{5101E19A-63DE-4DDB-861D-07094EC86C84}.Debug|Any CPU.Build.0 = Debug|Any CPU
		{5101E19A-63DE-4DDB-861D-07094EC86C84}.Debug|Mixed Platforms.ActiveCfg = Debug|Any CPU
		{5101E19A-63DE-4DDB-861D-07094EC86C84}.Debug|Mixed Platforms.Build.0 = Debug|Any CPU
		{5101E19A-63DE-4DDB-861D-07094EC86C84}.Debug|Win32.ActiveCfg = Debug|Any CPU
		{5101E19A-63DE-4DDB-861D-07094EC86C84}.Debug|x86.ActiveCfg = Debug|Any CPU
		{5101E19A-63DE-4DDB-861D-07094EC86C84}.LibraryRelease|Any CPU.ActiveCfg = Release|Any CPU
		{5101E19A-63DE-4DDB-861D-07094EC86C84}.LibraryRelease|Any CPU.Build.0 = Release|Any CPU
		{5101E19A-63DE-4DDB-861D-07094EC86C84}.LibraryRelease|Mixed Platforms.ActiveCfg = Release|Any CPU
		{5101E19A-63DE-4DDB-861D-07094EC86C84}.LibraryRelease|Mixed Platforms.Build.0 = Release|Any CPU
		{5101E19A-63DE-4DDB-861D-07094EC86C84}.LibraryRelease|Win32.ActiveCfg = Release|Any CPU
		{5101E19A-63DE-4DDB-861D-07094EC86C84}.LibraryRelease|x86.ActiveCfg = Release|Any CPU
		{5101E19A-63DE-4DDB-861D-07094EC86C84}.Release|Any CPU.ActiveCfg = Release|Any CPU
		{5101E19A-63DE-4DDB-861D-07094EC86C84}.Release|Any CPU.Build.0 = Release|Any CPU
		{5101E19A-63DE-4DDB-861D-07094EC86C84}.Release|Mixed Platforms.ActiveCfg = Release|Any CPU
		{5101E19A-63DE-4DDB-861D-07094EC86C84}.Release|Mixed Platforms.Build.0 = Release|Any CPU
		{5101E19A-63DE-4DDB-861D-07094EC86C84}.Release|Win32.ActiveCfg = Release|Any CPU
		{5101E19A-63DE-4DDB-861D-07094EC86C84}.Release|x86.ActiveCfg = Release|Any CPU
		{DADE2C4A-2BCA-4E72-B662-C3142BD7E2D1}.Debug|Any CPU.ActiveCfg = Debug|Any CPU
		{DADE2C4A-2BCA-4E72-B662-C3142BD7E2D1}.Debug|Any CPU.Build.0 = Debug|Any CPU
		{DADE2C4A-2BCA-4E72-B662-C3142BD7E2D1}.Debug|Mixed Platforms.ActiveCfg = Debug|Any CPU
		{DADE2C4A-2BCA-4E72-B662-C3142BD7E2D1}.Debug|Mixed Platforms.Build.0 = Debug|Any CPU
		{DADE2C4A-2BCA-4E72-B662-C3142BD7E2D1}.Debug|Win32.ActiveCfg = Debug|Any CPU
		{DADE2C4A-2BCA-4E72-B662-C3142BD7E2D1}.Debug|x86.ActiveCfg = Debug|Any CPU
		{DADE2C4A-2BCA-4E72-B662-C3142BD7E2D1}.LibraryRelease|Any CPU.ActiveCfg = Release|Any CPU
		{DADE2C4A-2BCA-4E72-B662-C3142BD7E2D1}.LibraryRelease|Any CPU.Build.0 = Release|Any CPU
		{DADE2C4A-2BCA-4E72-B662-C3142BD7E2D1}.LibraryRelease|Mixed Platforms.ActiveCfg = Release|Any CPU
		{DADE2C4A-2BCA-4E72-B662-C3142BD7E2D1}.LibraryRelease|Mixed Platforms.Build.0 = Release|Any CPU
		{DADE2C4A-2BCA-4E72-B662-C3142BD7E2D1}.LibraryRelease|Win32.ActiveCfg = Release|Any CPU
		{DADE2C4A-2BCA-4E72-B662-C3142BD7E2D1}.LibraryRelease|x86.ActiveCfg = Release|Any CPU
		{DADE2C4A-2BCA-4E72-B662-C3142BD7E2D1}.Release|Any CPU.ActiveCfg = Release|Any CPU
		{DADE2C4A-2BCA-4E72-B662-C3142BD7E2D1}.Release|Any CPU.Build.0 = Release|Any CPU
		{DADE2C4A-2BCA-4E72-B662-C3142BD7E2D1}.Release|Mixed Platforms.ActiveCfg = Release|Any CPU
		{DADE2C4A-2BCA-4E72-B662-C3142BD7E2D1}.Release|Mixed Platforms.Build.0 = Release|Any CPU
		{DADE2C4A-2BCA-4E72-B662-C3142BD7E2D1}.Release|Win32.ActiveCfg = Release|Any CPU
		{DADE2C4A-2BCA-4E72-B662-C3142BD7E2D1}.Release|x86.ActiveCfg = Release|Any CPU
		{631AC093-430F-45F4-BA0C-AF0F0405918A}.Debug|Any CPU.ActiveCfg = Debug|Any CPU
		{631AC093-430F-45F4-BA0C-AF0F0405918A}.Debug|Any CPU.Build.0 = Debug|Any CPU
		{631AC093-430F-45F4-BA0C-AF0F0405918A}.Debug|Mixed Platforms.ActiveCfg = Debug|Any CPU
		{631AC093-430F-45F4-BA0C-AF0F0405918A}.Debug|Mixed Platforms.Build.0 = Debug|Any CPU
		{631AC093-430F-45F4-BA0C-AF0F0405918A}.Debug|Win32.ActiveCfg = Debug|Any CPU
		{631AC093-430F-45F4-BA0C-AF0F0405918A}.Debug|x86.ActiveCfg = Debug|Any CPU
		{631AC093-430F-45F4-BA0C-AF0F0405918A}.LibraryRelease|Any CPU.ActiveCfg = Release|Any CPU
		{631AC093-430F-45F4-BA0C-AF0F0405918A}.LibraryRelease|Any CPU.Build.0 = Release|Any CPU
		{631AC093-430F-45F4-BA0C-AF0F0405918A}.LibraryRelease|Mixed Platforms.ActiveCfg = Release|Any CPU
		{631AC093-430F-45F4-BA0C-AF0F0405918A}.LibraryRelease|Mixed Platforms.Build.0 = Release|Any CPU
		{631AC093-430F-45F4-BA0C-AF0F0405918A}.LibraryRelease|Win32.ActiveCfg = Release|Any CPU
		{631AC093-430F-45F4-BA0C-AF0F0405918A}.LibraryRelease|x86.ActiveCfg = Release|Any CPU
		{631AC093-430F-45F4-BA0C-AF0F0405918A}.Release|Any CPU.ActiveCfg = Release|Any CPU
		{631AC093-430F-45F4-BA0C-AF0F0405918A}.Release|Any CPU.Build.0 = Release|Any CPU
		{631AC093-430F-45F4-BA0C-AF0F0405918A}.Release|Mixed Platforms.ActiveCfg = Release|Any CPU
		{631AC093-430F-45F4-BA0C-AF0F0405918A}.Release|Mixed Platforms.Build.0 = Release|Any CPU
		{631AC093-430F-45F4-BA0C-AF0F0405918A}.Release|Win32.ActiveCfg = Release|Any CPU
		{631AC093-430F-45F4-BA0C-AF0F0405918A}.Release|x86.ActiveCfg = Release|Any CPU
		{C0FAF524-72E4-46F7-8C1B-A6B74DEC5EBE}.Debug|Any CPU.ActiveCfg = Debug|Any CPU
		{C0FAF524-72E4-46F7-8C1B-A6B74DEC5EBE}.Debug|Any CPU.Build.0 = Debug|Any CPU
		{C0FAF524-72E4-46F7-8C1B-A6B74DEC5EBE}.Debug|Mixed Platforms.ActiveCfg = Debug|Any CPU
		{C0FAF524-72E4-46F7-8C1B-A6B74DEC5EBE}.Debug|Mixed Platforms.Build.0 = Debug|Any CPU
		{C0FAF524-72E4-46F7-8C1B-A6B74DEC5EBE}.Debug|Win32.ActiveCfg = Debug|Any CPU
		{C0FAF524-72E4-46F7-8C1B-A6B74DEC5EBE}.Debug|x86.ActiveCfg = Debug|Any CPU
		{C0FAF524-72E4-46F7-8C1B-A6B74DEC5EBE}.LibraryRelease|Any CPU.ActiveCfg = Release|Any CPU
		{C0FAF524-72E4-46F7-8C1B-A6B74DEC5EBE}.LibraryRelease|Any CPU.Build.0 = Release|Any CPU
		{C0FAF524-72E4-46F7-8C1B-A6B74DEC5EBE}.LibraryRelease|Mixed Platforms.ActiveCfg = Release|Any CPU
		{C0FAF524-72E4-46F7-8C1B-A6B74DEC5EBE}.LibraryRelease|Mixed Platforms.Build.0 = Release|Any CPU
		{C0FAF524-72E4-46F7-8C1B-A6B74DEC5EBE}.LibraryRelease|Win32.ActiveCfg = Release|Any CPU
		{C0FAF524-72E4-46F7-8C1B-A6B74DEC5EBE}.LibraryRelease|x86.ActiveCfg = Release|Any CPU
		{C0FAF524-72E4-46F7-8C1B-A6B74DEC5EBE}.Release|Any CPU.ActiveCfg = Release|Any CPU
		{C0FAF524-72E4-46F7-8C1B-A6B74DEC5EBE}.Release|Any CPU.Build.0 = Release|Any CPU
		{C0FAF524-72E4-46F7-8C1B-A6B74DEC5EBE}.Release|Mixed Platforms.ActiveCfg = Release|Any CPU
		{C0FAF524-72E4-46F7-8C1B-A6B74DEC5EBE}.Release|Mixed Platforms.Build.0 = Release|Any CPU
		{C0FAF524-72E4-46F7-8C1B-A6B74DEC5EBE}.Release|Win32.ActiveCfg = Release|Any CPU
		{C0FAF524-72E4-46F7-8C1B-A6B74DEC5EBE}.Release|x86.ActiveCfg = Release|Any CPU
		{C6A8B9AE-0749-41C7-8FF9-02C156696F45}.Debug|Any CPU.ActiveCfg = Debug|Any CPU
		{C6A8B9AE-0749-41C7-8FF9-02C156696F45}.Debug|Any CPU.Build.0 = Debug|Any CPU
		{C6A8B9AE-0749-41C7-8FF9-02C156696F45}.Debug|Mixed Platforms.ActiveCfg = Debug|Any CPU
		{C6A8B9AE-0749-41C7-8FF9-02C156696F45}.Debug|Mixed Platforms.Build.0 = Debug|Any CPU
		{C6A8B9AE-0749-41C7-8FF9-02C156696F45}.Debug|Win32.ActiveCfg = Debug|Any CPU
		{C6A8B9AE-0749-41C7-8FF9-02C156696F45}.Debug|x86.ActiveCfg = Debug|Any CPU
		{C6A8B9AE-0749-41C7-8FF9-02C156696F45}.LibraryRelease|Any CPU.ActiveCfg = Release|Any CPU
		{C6A8B9AE-0749-41C7-8FF9-02C156696F45}.LibraryRelease|Any CPU.Build.0 = Release|Any CPU
		{C6A8B9AE-0749-41C7-8FF9-02C156696F45}.LibraryRelease|Mixed Platforms.ActiveCfg = Release|Any CPU
		{C6A8B9AE-0749-41C7-8FF9-02C156696F45}.LibraryRelease|Mixed Platforms.Build.0 = Release|Any CPU
		{C6A8B9AE-0749-41C7-8FF9-02C156696F45}.LibraryRelease|Win32.ActiveCfg = Release|Any CPU
		{C6A8B9AE-0749-41C7-8FF9-02C156696F45}.LibraryRelease|x86.ActiveCfg = Release|Any CPU
		{C6A8B9AE-0749-41C7-8FF9-02C156696F45}.Release|Any CPU.ActiveCfg = Release|Any CPU
		{C6A8B9AE-0749-41C7-8FF9-02C156696F45}.Release|Any CPU.Build.0 = Release|Any CPU
		{C6A8B9AE-0749-41C7-8FF9-02C156696F45}.Release|Mixed Platforms.ActiveCfg = Release|Any CPU
		{C6A8B9AE-0749-41C7-8FF9-02C156696F45}.Release|Mixed Platforms.Build.0 = Release|Any CPU
		{C6A8B9AE-0749-41C7-8FF9-02C156696F45}.Release|Win32.ActiveCfg = Release|Any CPU
		{C6A8B9AE-0749-41C7-8FF9-02C156696F45}.Release|x86.ActiveCfg = Release|Any CPU
		{50050BA8-B739-4931-8DBA-D77A031537FF}.Debug|Any CPU.ActiveCfg = Debug|Any CPU
		{50050BA8-B739-4931-8DBA-D77A031537FF}.Debug|Any CPU.Build.0 = Debug|Any CPU
		{50050BA8-B739-4931-8DBA-D77A031537FF}.Debug|Mixed Platforms.ActiveCfg = Debug|Any CPU
		{50050BA8-B739-4931-8DBA-D77A031537FF}.Debug|Mixed Platforms.Build.0 = Debug|Any CPU
		{50050BA8-B739-4931-8DBA-D77A031537FF}.Debug|Win32.ActiveCfg = Debug|Any CPU
		{50050BA8-B739-4931-8DBA-D77A031537FF}.Debug|x86.ActiveCfg = Debug|Any CPU
		{50050BA8-B739-4931-8DBA-D77A031537FF}.LibraryRelease|Any CPU.ActiveCfg = Release|Any CPU
		{50050BA8-B739-4931-8DBA-D77A031537FF}.LibraryRelease|Any CPU.Build.0 = Release|Any CPU
		{50050BA8-B739-4931-8DBA-D77A031537FF}.LibraryRelease|Mixed Platforms.ActiveCfg = Release|Any CPU
		{50050BA8-B739-4931-8DBA-D77A031537FF}.LibraryRelease|Mixed Platforms.Build.0 = Release|Any CPU
		{50050BA8-B739-4931-8DBA-D77A031537FF}.LibraryRelease|Win32.ActiveCfg = Release|Any CPU
		{50050BA8-B739-4931-8DBA-D77A031537FF}.LibraryRelease|x86.ActiveCfg = Release|Any CPU
		{50050BA8-B739-4931-8DBA-D77A031537FF}.Release|Any CPU.ActiveCfg = Release|Any CPU
		{50050BA8-B739-4931-8DBA-D77A031537FF}.Release|Any CPU.Build.0 = Release|Any CPU
		{50050BA8-B739-4931-8DBA-D77A031537FF}.Release|Mixed Platforms.ActiveCfg = Release|Any CPU
		{50050BA8-B739-4931-8DBA-D77A031537FF}.Release|Mixed Platforms.Build.0 = Release|Any CPU
		{50050BA8-B739-4931-8DBA-D77A031537FF}.Release|Win32.ActiveCfg = Release|Any CPU
		{50050BA8-B739-4931-8DBA-D77A031537FF}.Release|x86.ActiveCfg = Release|Any CPU
		{2EFAA327-1789-4438-B9F5-E83ACAE12DB2}.Debug|Any CPU.ActiveCfg = Debug|Any CPU
		{2EFAA327-1789-4438-B9F5-E83ACAE12DB2}.Debug|Any CPU.Build.0 = Debug|Any CPU
		{2EFAA327-1789-4438-B9F5-E83ACAE12DB2}.Debug|Mixed Platforms.ActiveCfg = Debug|Any CPU
		{2EFAA327-1789-4438-B9F5-E83ACAE12DB2}.Debug|Mixed Platforms.Build.0 = Debug|Any CPU
		{2EFAA327-1789-4438-B9F5-E83ACAE12DB2}.Debug|Win32.ActiveCfg = Debug|Any CPU
		{2EFAA327-1789-4438-B9F5-E83ACAE12DB2}.Debug|x86.ActiveCfg = Debug|Any CPU
		{2EFAA327-1789-4438-B9F5-E83ACAE12DB2}.LibraryRelease|Any CPU.ActiveCfg = Release|Any CPU
		{2EFAA327-1789-4438-B9F5-E83ACAE12DB2}.LibraryRelease|Any CPU.Build.0 = Release|Any CPU
		{2EFAA327-1789-4438-B9F5-E83ACAE12DB2}.LibraryRelease|Mixed Platforms.ActiveCfg = Release|Any CPU
		{2EFAA327-1789-4438-B9F5-E83ACAE12DB2}.LibraryRelease|Mixed Platforms.Build.0 = Release|Any CPU
		{2EFAA327-1789-4438-B9F5-E83ACAE12DB2}.LibraryRelease|Win32.ActiveCfg = Release|Any CPU
		{2EFAA327-1789-4438-B9F5-E83ACAE12DB2}.LibraryRelease|x86.ActiveCfg = Release|Any CPU
		{2EFAA327-1789-4438-B9F5-E83ACAE12DB2}.Release|Any CPU.ActiveCfg = Release|Any CPU
		{2EFAA327-1789-4438-B9F5-E83ACAE12DB2}.Release|Any CPU.Build.0 = Release|Any CPU
		{2EFAA327-1789-4438-B9F5-E83ACAE12DB2}.Release|Mixed Platforms.ActiveCfg = Release|Any CPU
		{2EFAA327-1789-4438-B9F5-E83ACAE12DB2}.Release|Mixed Platforms.Build.0 = Release|Any CPU
		{2EFAA327-1789-4438-B9F5-E83ACAE12DB2}.Release|Win32.ActiveCfg = Release|Any CPU
		{2EFAA327-1789-4438-B9F5-E83ACAE12DB2}.Release|x86.ActiveCfg = Release|Any CPU
		{CE009BFA-5EF6-4153-B2A1-2FA79698A9AE}.Debug|Any CPU.ActiveCfg = Debug|Any CPU
		{CE009BFA-5EF6-4153-B2A1-2FA79698A9AE}.Debug|Any CPU.Build.0 = Debug|Any CPU
		{CE009BFA-5EF6-4153-B2A1-2FA79698A9AE}.Debug|Mixed Platforms.ActiveCfg = Debug|Any CPU
		{CE009BFA-5EF6-4153-B2A1-2FA79698A9AE}.Debug|Mixed Platforms.Build.0 = Debug|Any CPU
		{CE009BFA-5EF6-4153-B2A1-2FA79698A9AE}.Debug|Win32.ActiveCfg = Debug|Any CPU
		{CE009BFA-5EF6-4153-B2A1-2FA79698A9AE}.Debug|x86.ActiveCfg = Debug|Any CPU
		{CE009BFA-5EF6-4153-B2A1-2FA79698A9AE}.LibraryRelease|Any CPU.ActiveCfg = Release|Any CPU
		{CE009BFA-5EF6-4153-B2A1-2FA79698A9AE}.LibraryRelease|Any CPU.Build.0 = Release|Any CPU
		{CE009BFA-5EF6-4153-B2A1-2FA79698A9AE}.LibraryRelease|Mixed Platforms.ActiveCfg = Release|Any CPU
		{CE009BFA-5EF6-4153-B2A1-2FA79698A9AE}.LibraryRelease|Mixed Platforms.Build.0 = Release|Any CPU
		{CE009BFA-5EF6-4153-B2A1-2FA79698A9AE}.LibraryRelease|Win32.ActiveCfg = Release|Any CPU
		{CE009BFA-5EF6-4153-B2A1-2FA79698A9AE}.LibraryRelease|x86.ActiveCfg = Release|Any CPU
		{CE009BFA-5EF6-4153-B2A1-2FA79698A9AE}.Release|Any CPU.ActiveCfg = Release|Any CPU
		{CE009BFA-5EF6-4153-B2A1-2FA79698A9AE}.Release|Any CPU.Build.0 = Release|Any CPU
		{CE009BFA-5EF6-4153-B2A1-2FA79698A9AE}.Release|Mixed Platforms.ActiveCfg = Release|Any CPU
		{CE009BFA-5EF6-4153-B2A1-2FA79698A9AE}.Release|Mixed Platforms.Build.0 = Release|Any CPU
		{CE009BFA-5EF6-4153-B2A1-2FA79698A9AE}.Release|Win32.ActiveCfg = Release|Any CPU
		{CE009BFA-5EF6-4153-B2A1-2FA79698A9AE}.Release|x86.ActiveCfg = Release|Any CPU
		{2A381CBB-8291-435C-A8E3-BBF3B590B2B6}.Debug|Any CPU.ActiveCfg = Debug|Any CPU
		{2A381CBB-8291-435C-A8E3-BBF3B590B2B6}.Debug|Any CPU.Build.0 = Debug|Any CPU
		{2A381CBB-8291-435C-A8E3-BBF3B590B2B6}.Debug|Mixed Platforms.ActiveCfg = Debug|Any CPU
		{2A381CBB-8291-435C-A8E3-BBF3B590B2B6}.Debug|Mixed Platforms.Build.0 = Debug|Any CPU
		{2A381CBB-8291-435C-A8E3-BBF3B590B2B6}.Debug|Win32.ActiveCfg = Debug|Any CPU
		{2A381CBB-8291-435C-A8E3-BBF3B590B2B6}.Debug|x86.ActiveCfg = Debug|Any CPU
		{2A381CBB-8291-435C-A8E3-BBF3B590B2B6}.LibraryRelease|Any CPU.ActiveCfg = Release|Any CPU
		{2A381CBB-8291-435C-A8E3-BBF3B590B2B6}.LibraryRelease|Any CPU.Build.0 = Release|Any CPU
		{2A381CBB-8291-435C-A8E3-BBF3B590B2B6}.LibraryRelease|Mixed Platforms.ActiveCfg = Release|Any CPU
		{2A381CBB-8291-435C-A8E3-BBF3B590B2B6}.LibraryRelease|Mixed Platforms.Build.0 = Release|Any CPU
		{2A381CBB-8291-435C-A8E3-BBF3B590B2B6}.LibraryRelease|Win32.ActiveCfg = Release|Any CPU
		{2A381CBB-8291-435C-A8E3-BBF3B590B2B6}.LibraryRelease|x86.ActiveCfg = Release|Any CPU
		{2A381CBB-8291-435C-A8E3-BBF3B590B2B6}.Release|Any CPU.ActiveCfg = Release|Any CPU
		{2A381CBB-8291-435C-A8E3-BBF3B590B2B6}.Release|Any CPU.Build.0 = Release|Any CPU
		{2A381CBB-8291-435C-A8E3-BBF3B590B2B6}.Release|Mixed Platforms.ActiveCfg = Release|Any CPU
		{2A381CBB-8291-435C-A8E3-BBF3B590B2B6}.Release|Mixed Platforms.Build.0 = Release|Any CPU
		{2A381CBB-8291-435C-A8E3-BBF3B590B2B6}.Release|Win32.ActiveCfg = Release|Any CPU
		{2A381CBB-8291-435C-A8E3-BBF3B590B2B6}.Release|x86.ActiveCfg = Release|Any CPU
		{02B5E453-2085-4E41-86D9-C8E8A03FB1B9}.Debug|Any CPU.ActiveCfg = Debug|Any CPU
		{02B5E453-2085-4E41-86D9-C8E8A03FB1B9}.Debug|Any CPU.Build.0 = Debug|Any CPU
		{02B5E453-2085-4E41-86D9-C8E8A03FB1B9}.Debug|Mixed Platforms.ActiveCfg = Debug|Any CPU
		{02B5E453-2085-4E41-86D9-C8E8A03FB1B9}.Debug|Mixed Platforms.Build.0 = Debug|Any CPU
		{02B5E453-2085-4E41-86D9-C8E8A03FB1B9}.Debug|Win32.ActiveCfg = Debug|Any CPU
		{02B5E453-2085-4E41-86D9-C8E8A03FB1B9}.Debug|x86.ActiveCfg = Debug|Any CPU
		{02B5E453-2085-4E41-86D9-C8E8A03FB1B9}.LibraryRelease|Any CPU.ActiveCfg = Release|Any CPU
		{02B5E453-2085-4E41-86D9-C8E8A03FB1B9}.LibraryRelease|Any CPU.Build.0 = Release|Any CPU
		{02B5E453-2085-4E41-86D9-C8E8A03FB1B9}.LibraryRelease|Mixed Platforms.ActiveCfg = Release|Any CPU
		{02B5E453-2085-4E41-86D9-C8E8A03FB1B9}.LibraryRelease|Mixed Platforms.Build.0 = Release|Any CPU
		{02B5E453-2085-4E41-86D9-C8E8A03FB1B9}.LibraryRelease|Win32.ActiveCfg = Release|Any CPU
		{02B5E453-2085-4E41-86D9-C8E8A03FB1B9}.LibraryRelease|x86.ActiveCfg = Release|Any CPU
		{02B5E453-2085-4E41-86D9-C8E8A03FB1B9}.Release|Any CPU.ActiveCfg = Release|Any CPU
		{02B5E453-2085-4E41-86D9-C8E8A03FB1B9}.Release|Any CPU.Build.0 = Release|Any CPU
		{02B5E453-2085-4E41-86D9-C8E8A03FB1B9}.Release|Mixed Platforms.ActiveCfg = Release|Any CPU
		{02B5E453-2085-4E41-86D9-C8E8A03FB1B9}.Release|Mixed Platforms.Build.0 = Release|Any CPU
		{02B5E453-2085-4E41-86D9-C8E8A03FB1B9}.Release|Win32.ActiveCfg = Release|Any CPU
		{02B5E453-2085-4E41-86D9-C8E8A03FB1B9}.Release|x86.ActiveCfg = Release|Any CPU
		{B17F825B-B40B-425C-B92F-FC82E030C985}.Debug|Any CPU.ActiveCfg = Debug|Any CPU
		{B17F825B-B40B-425C-B92F-FC82E030C985}.Debug|Any CPU.Build.0 = Debug|Any CPU
		{B17F825B-B40B-425C-B92F-FC82E030C985}.Debug|Mixed Platforms.ActiveCfg = Debug|Any CPU
		{B17F825B-B40B-425C-B92F-FC82E030C985}.Debug|Mixed Platforms.Build.0 = Debug|Any CPU
		{B17F825B-B40B-425C-B92F-FC82E030C985}.Debug|Win32.ActiveCfg = Debug|Any CPU
		{B17F825B-B40B-425C-B92F-FC82E030C985}.Debug|x86.ActiveCfg = Debug|Any CPU
		{B17F825B-B40B-425C-B92F-FC82E030C985}.LibraryRelease|Any CPU.ActiveCfg = Release|Any CPU
		{B17F825B-B40B-425C-B92F-FC82E030C985}.LibraryRelease|Any CPU.Build.0 = Release|Any CPU
		{B17F825B-B40B-425C-B92F-FC82E030C985}.LibraryRelease|Mixed Platforms.ActiveCfg = Release|Any CPU
		{B17F825B-B40B-425C-B92F-FC82E030C985}.LibraryRelease|Mixed Platforms.Build.0 = Release|Any CPU
		{B17F825B-B40B-425C-B92F-FC82E030C985}.LibraryRelease|Win32.ActiveCfg = Release|Any CPU
		{B17F825B-B40B-425C-B92F-FC82E030C985}.LibraryRelease|x86.ActiveCfg = Release|Any CPU
		{B17F825B-B40B-425C-B92F-FC82E030C985}.Release|Any CPU.ActiveCfg = Release|Any CPU
		{B17F825B-B40B-425C-B92F-FC82E030C985}.Release|Any CPU.Build.0 = Release|Any CPU
		{B17F825B-B40B-425C-B92F-FC82E030C985}.Release|Mixed Platforms.ActiveCfg = Release|Any CPU
		{B17F825B-B40B-425C-B92F-FC82E030C985}.Release|Mixed Platforms.Build.0 = Release|Any CPU
		{B17F825B-B40B-425C-B92F-FC82E030C985}.Release|Win32.ActiveCfg = Release|Any CPU
		{B17F825B-B40B-425C-B92F-FC82E030C985}.Release|x86.ActiveCfg = Release|Any CPU
		{3988AC40-E13E-4334-8E19-766096655B1E}.Debug|Any CPU.ActiveCfg = Debug|Any CPU
		{3988AC40-E13E-4334-8E19-766096655B1E}.Debug|Any CPU.Build.0 = Debug|Any CPU
		{3988AC40-E13E-4334-8E19-766096655B1E}.Debug|Mixed Platforms.ActiveCfg = Debug|Any CPU
		{3988AC40-E13E-4334-8E19-766096655B1E}.Debug|Mixed Platforms.Build.0 = Debug|Any CPU
		{3988AC40-E13E-4334-8E19-766096655B1E}.Debug|Win32.ActiveCfg = Debug|Any CPU
		{3988AC40-E13E-4334-8E19-766096655B1E}.Debug|x86.ActiveCfg = Debug|Any CPU
		{3988AC40-E13E-4334-8E19-766096655B1E}.LibraryRelease|Any CPU.ActiveCfg = Release|Any CPU
		{3988AC40-E13E-4334-8E19-766096655B1E}.LibraryRelease|Any CPU.Build.0 = Release|Any CPU
		{3988AC40-E13E-4334-8E19-766096655B1E}.LibraryRelease|Mixed Platforms.ActiveCfg = Release|Any CPU
		{3988AC40-E13E-4334-8E19-766096655B1E}.LibraryRelease|Mixed Platforms.Build.0 = Release|Any CPU
		{3988AC40-E13E-4334-8E19-766096655B1E}.LibraryRelease|Win32.ActiveCfg = Release|Any CPU
		{3988AC40-E13E-4334-8E19-766096655B1E}.LibraryRelease|x86.ActiveCfg = Release|Any CPU
		{3988AC40-E13E-4334-8E19-766096655B1E}.Release|Any CPU.ActiveCfg = Release|Any CPU
		{3988AC40-E13E-4334-8E19-766096655B1E}.Release|Any CPU.Build.0 = Release|Any CPU
		{3988AC40-E13E-4334-8E19-766096655B1E}.Release|Mixed Platforms.ActiveCfg = Release|Any CPU
		{3988AC40-E13E-4334-8E19-766096655B1E}.Release|Mixed Platforms.Build.0 = Release|Any CPU
		{3988AC40-E13E-4334-8E19-766096655B1E}.Release|Win32.ActiveCfg = Release|Any CPU
		{3988AC40-E13E-4334-8E19-766096655B1E}.Release|x86.ActiveCfg = Release|Any CPU
		{179F3045-8757-4F4B-9508-F48327BA11E3}.Debug|Any CPU.ActiveCfg = Debug|Any CPU
		{179F3045-8757-4F4B-9508-F48327BA11E3}.Debug|Any CPU.Build.0 = Debug|Any CPU
		{179F3045-8757-4F4B-9508-F48327BA11E3}.Debug|Mixed Platforms.ActiveCfg = Debug|x86
		{179F3045-8757-4F4B-9508-F48327BA11E3}.Debug|Mixed Platforms.Build.0 = Debug|x86
		{179F3045-8757-4F4B-9508-F48327BA11E3}.Debug|Win32.ActiveCfg = Debug|x86
		{179F3045-8757-4F4B-9508-F48327BA11E3}.Debug|x86.ActiveCfg = Debug|x86
		{179F3045-8757-4F4B-9508-F48327BA11E3}.Debug|x86.Build.0 = Debug|x86
		{179F3045-8757-4F4B-9508-F48327BA11E3}.LibraryRelease|Any CPU.ActiveCfg = Release|Any CPU
		{179F3045-8757-4F4B-9508-F48327BA11E3}.LibraryRelease|Any CPU.Build.0 = Release|Any CPU
		{179F3045-8757-4F4B-9508-F48327BA11E3}.LibraryRelease|Mixed Platforms.ActiveCfg = Release|x86
		{179F3045-8757-4F4B-9508-F48327BA11E3}.LibraryRelease|Mixed Platforms.Build.0 = Release|x86
		{179F3045-8757-4F4B-9508-F48327BA11E3}.LibraryRelease|Win32.ActiveCfg = Release|x86
		{179F3045-8757-4F4B-9508-F48327BA11E3}.LibraryRelease|x86.ActiveCfg = Release|x86
		{179F3045-8757-4F4B-9508-F48327BA11E3}.LibraryRelease|x86.Build.0 = Release|x86
		{179F3045-8757-4F4B-9508-F48327BA11E3}.Release|Any CPU.ActiveCfg = Release|Any CPU
		{179F3045-8757-4F4B-9508-F48327BA11E3}.Release|Any CPU.Build.0 = Release|Any CPU
		{179F3045-8757-4F4B-9508-F48327BA11E3}.Release|Mixed Platforms.ActiveCfg = Release|x86
		{179F3045-8757-4F4B-9508-F48327BA11E3}.Release|Mixed Platforms.Build.0 = Release|x86
		{179F3045-8757-4F4B-9508-F48327BA11E3}.Release|Win32.ActiveCfg = Release|x86
		{179F3045-8757-4F4B-9508-F48327BA11E3}.Release|x86.ActiveCfg = Release|x86
		{179F3045-8757-4F4B-9508-F48327BA11E3}.Release|x86.Build.0 = Release|x86
		{F718E9A8-DB62-4785-8C49-4333A60D256A}.Debug|Any CPU.ActiveCfg = Debug|Any CPU
		{F718E9A8-DB62-4785-8C49-4333A60D256A}.Debug|Any CPU.Build.0 = Debug|Any CPU
		{F718E9A8-DB62-4785-8C49-4333A60D256A}.Debug|Mixed Platforms.ActiveCfg = Debug|x86
		{F718E9A8-DB62-4785-8C49-4333A60D256A}.Debug|Mixed Platforms.Build.0 = Debug|x86
		{F718E9A8-DB62-4785-8C49-4333A60D256A}.Debug|Win32.ActiveCfg = Debug|x86
		{F718E9A8-DB62-4785-8C49-4333A60D256A}.Debug|x86.ActiveCfg = Debug|x86
		{F718E9A8-DB62-4785-8C49-4333A60D256A}.Debug|x86.Build.0 = Debug|x86
		{F718E9A8-DB62-4785-8C49-4333A60D256A}.LibraryRelease|Any CPU.ActiveCfg = Release|Any CPU
		{F718E9A8-DB62-4785-8C49-4333A60D256A}.LibraryRelease|Any CPU.Build.0 = Release|Any CPU
		{F718E9A8-DB62-4785-8C49-4333A60D256A}.LibraryRelease|Mixed Platforms.ActiveCfg = Release|x86
		{F718E9A8-DB62-4785-8C49-4333A60D256A}.LibraryRelease|Mixed Platforms.Build.0 = Release|x86
		{F718E9A8-DB62-4785-8C49-4333A60D256A}.LibraryRelease|Win32.ActiveCfg = Release|x86
		{F718E9A8-DB62-4785-8C49-4333A60D256A}.LibraryRelease|x86.ActiveCfg = Release|x86
		{F718E9A8-DB62-4785-8C49-4333A60D256A}.LibraryRelease|x86.Build.0 = Release|x86
		{F718E9A8-DB62-4785-8C49-4333A60D256A}.Release|Any CPU.ActiveCfg = Release|Any CPU
		{F718E9A8-DB62-4785-8C49-4333A60D256A}.Release|Any CPU.Build.0 = Release|Any CPU
		{F718E9A8-DB62-4785-8C49-4333A60D256A}.Release|Mixed Platforms.ActiveCfg = Release|x86
		{F718E9A8-DB62-4785-8C49-4333A60D256A}.Release|Mixed Platforms.Build.0 = Release|x86
		{F718E9A8-DB62-4785-8C49-4333A60D256A}.Release|Win32.ActiveCfg = Release|x86
		{F718E9A8-DB62-4785-8C49-4333A60D256A}.Release|x86.ActiveCfg = Release|x86
		{F718E9A8-DB62-4785-8C49-4333A60D256A}.Release|x86.Build.0 = Release|x86
		{7D52E35F-F376-49C8-A917-F7D06CC85800}.Debug|Any CPU.ActiveCfg = Debug|Any CPU
		{7D52E35F-F376-49C8-A917-F7D06CC85800}.Debug|Any CPU.Build.0 = Debug|Any CPU
		{7D52E35F-F376-49C8-A917-F7D06CC85800}.Debug|Mixed Platforms.ActiveCfg = Debug|Any CPU
		{7D52E35F-F376-49C8-A917-F7D06CC85800}.Debug|Mixed Platforms.Build.0 = Debug|Any CPU
		{7D52E35F-F376-49C8-A917-F7D06CC85800}.Debug|Win32.ActiveCfg = Debug|Any CPU
		{7D52E35F-F376-49C8-A917-F7D06CC85800}.Debug|x86.ActiveCfg = Debug|Any CPU
		{7D52E35F-F376-49C8-A917-F7D06CC85800}.LibraryRelease|Any CPU.ActiveCfg = Release|Any CPU
		{7D52E35F-F376-49C8-A917-F7D06CC85800}.LibraryRelease|Any CPU.Build.0 = Release|Any CPU
		{7D52E35F-F376-49C8-A917-F7D06CC85800}.LibraryRelease|Mixed Platforms.ActiveCfg = Release|Any CPU
		{7D52E35F-F376-49C8-A917-F7D06CC85800}.LibraryRelease|Mixed Platforms.Build.0 = Release|Any CPU
		{7D52E35F-F376-49C8-A917-F7D06CC85800}.LibraryRelease|Win32.ActiveCfg = Release|Any CPU
		{7D52E35F-F376-49C8-A917-F7D06CC85800}.LibraryRelease|x86.ActiveCfg = Release|Any CPU
		{7D52E35F-F376-49C8-A917-F7D06CC85800}.Release|Any CPU.ActiveCfg = Release|Any CPU
		{7D52E35F-F376-49C8-A917-F7D06CC85800}.Release|Any CPU.Build.0 = Release|Any CPU
		{7D52E35F-F376-49C8-A917-F7D06CC85800}.Release|Mixed Platforms.ActiveCfg = Release|Any CPU
		{7D52E35F-F376-49C8-A917-F7D06CC85800}.Release|Mixed Platforms.Build.0 = Release|Any CPU
		{7D52E35F-F376-49C8-A917-F7D06CC85800}.Release|Win32.ActiveCfg = Release|Any CPU
		{7D52E35F-F376-49C8-A917-F7D06CC85800}.Release|x86.ActiveCfg = Release|Any CPU
		{0FDEEE64-60E3-4772-927B-2EAAE4441280}.Debug|Any CPU.ActiveCfg = Debug|Win32
		{0FDEEE64-60E3-4772-927B-2EAAE4441280}.Debug|Mixed Platforms.ActiveCfg = Debug|Win32
		{0FDEEE64-60E3-4772-927B-2EAAE4441280}.Debug|Mixed Platforms.Build.0 = Debug|Win32
		{0FDEEE64-60E3-4772-927B-2EAAE4441280}.Debug|Win32.ActiveCfg = Debug|Win32
		{0FDEEE64-60E3-4772-927B-2EAAE4441280}.Debug|Win32.Build.0 = Debug|Win32
		{0FDEEE64-60E3-4772-927B-2EAAE4441280}.Debug|x86.ActiveCfg = Debug|Win32
		{0FDEEE64-60E3-4772-927B-2EAAE4441280}.LibraryRelease|Any CPU.ActiveCfg = Release|Win32
		{0FDEEE64-60E3-4772-927B-2EAAE4441280}.LibraryRelease|Mixed Platforms.ActiveCfg = Release|Win32
		{0FDEEE64-60E3-4772-927B-2EAAE4441280}.LibraryRelease|Mixed Platforms.Build.0 = Release|Win32
		{0FDEEE64-60E3-4772-927B-2EAAE4441280}.LibraryRelease|Win32.ActiveCfg = Release|Win32
		{0FDEEE64-60E3-4772-927B-2EAAE4441280}.LibraryRelease|Win32.Build.0 = Release|Win32
		{0FDEEE64-60E3-4772-927B-2EAAE4441280}.LibraryRelease|x86.ActiveCfg = Release|Win32
		{0FDEEE64-60E3-4772-927B-2EAAE4441280}.Release|Any CPU.ActiveCfg = Release|Win32
		{0FDEEE64-60E3-4772-927B-2EAAE4441280}.Release|Mixed Platforms.ActiveCfg = Release|Win32
		{0FDEEE64-60E3-4772-927B-2EAAE4441280}.Release|Mixed Platforms.Build.0 = Release|Win32
		{0FDEEE64-60E3-4772-927B-2EAAE4441280}.Release|Win32.ActiveCfg = Release|Win32
		{0FDEEE64-60E3-4772-927B-2EAAE4441280}.Release|Win32.Build.0 = Release|Win32
		{0FDEEE64-60E3-4772-927B-2EAAE4441280}.Release|x86.ActiveCfg = Release|Win32
		{BEDC030C-18DB-43C7-A5DD-4A44C7791CFD}.Debug|Any CPU.ActiveCfg = Debug|Win32
		{BEDC030C-18DB-43C7-A5DD-4A44C7791CFD}.Debug|Mixed Platforms.ActiveCfg = Debug|Win32
		{BEDC030C-18DB-43C7-A5DD-4A44C7791CFD}.Debug|Mixed Platforms.Build.0 = Debug|Win32
		{BEDC030C-18DB-43C7-A5DD-4A44C7791CFD}.Debug|Win32.ActiveCfg = Debug|Win32
		{BEDC030C-18DB-43C7-A5DD-4A44C7791CFD}.Debug|Win32.Build.0 = Debug|Win32
		{BEDC030C-18DB-43C7-A5DD-4A44C7791CFD}.Debug|x86.ActiveCfg = Debug|Win32
		{BEDC030C-18DB-43C7-A5DD-4A44C7791CFD}.LibraryRelease|Any CPU.ActiveCfg = Release|Win32
		{BEDC030C-18DB-43C7-A5DD-4A44C7791CFD}.LibraryRelease|Mixed Platforms.ActiveCfg = Release|Win32
		{BEDC030C-18DB-43C7-A5DD-4A44C7791CFD}.LibraryRelease|Mixed Platforms.Build.0 = Release|Win32
		{BEDC030C-18DB-43C7-A5DD-4A44C7791CFD}.LibraryRelease|Win32.ActiveCfg = Release|Win32
		{BEDC030C-18DB-43C7-A5DD-4A44C7791CFD}.LibraryRelease|Win32.Build.0 = Release|Win32
		{BEDC030C-18DB-43C7-A5DD-4A44C7791CFD}.LibraryRelease|x86.ActiveCfg = Release|Win32
		{BEDC030C-18DB-43C7-A5DD-4A44C7791CFD}.Release|Any CPU.ActiveCfg = Release|Win32
		{BEDC030C-18DB-43C7-A5DD-4A44C7791CFD}.Release|Mixed Platforms.ActiveCfg = Release|Win32
		{BEDC030C-18DB-43C7-A5DD-4A44C7791CFD}.Release|Mixed Platforms.Build.0 = Release|Win32
		{BEDC030C-18DB-43C7-A5DD-4A44C7791CFD}.Release|Win32.ActiveCfg = Release|Win32
		{BEDC030C-18DB-43C7-A5DD-4A44C7791CFD}.Release|Win32.Build.0 = Release|Win32
		{BEDC030C-18DB-43C7-A5DD-4A44C7791CFD}.Release|x86.ActiveCfg = Release|Win32
		{C2732069-700B-4E33-8FB7-7758FDBA4523}.Debug|Any CPU.ActiveCfg = Debug|Any CPU
		{C2732069-700B-4E33-8FB7-7758FDBA4523}.Debug|Any CPU.Build.0 = Debug|Any CPU
		{C2732069-700B-4E33-8FB7-7758FDBA4523}.Debug|Mixed Platforms.ActiveCfg = Debug|Any CPU
		{C2732069-700B-4E33-8FB7-7758FDBA4523}.Debug|Mixed Platforms.Build.0 = Debug|Any CPU
		{C2732069-700B-4E33-8FB7-7758FDBA4523}.Debug|Win32.ActiveCfg = Debug|Any CPU
		{C2732069-700B-4E33-8FB7-7758FDBA4523}.Debug|x86.ActiveCfg = Debug|Any CPU
		{C2732069-700B-4E33-8FB7-7758FDBA4523}.LibraryRelease|Any CPU.ActiveCfg = LibraryRelease|Any CPU
		{C2732069-700B-4E33-8FB7-7758FDBA4523}.LibraryRelease|Any CPU.Build.0 = LibraryRelease|Any CPU
		{C2732069-700B-4E33-8FB7-7758FDBA4523}.LibraryRelease|Mixed Platforms.ActiveCfg = LibraryRelease|Any CPU
		{C2732069-700B-4E33-8FB7-7758FDBA4523}.LibraryRelease|Mixed Platforms.Build.0 = LibraryRelease|Any CPU
		{C2732069-700B-4E33-8FB7-7758FDBA4523}.LibraryRelease|Win32.ActiveCfg = LibraryRelease|Any CPU
		{C2732069-700B-4E33-8FB7-7758FDBA4523}.LibraryRelease|x86.ActiveCfg = LibraryRelease|Any CPU
		{C2732069-700B-4E33-8FB7-7758FDBA4523}.Release|Any CPU.ActiveCfg = Release|Any CPU
		{C2732069-700B-4E33-8FB7-7758FDBA4523}.Release|Any CPU.Build.0 = Release|Any CPU
		{C2732069-700B-4E33-8FB7-7758FDBA4523}.Release|Mixed Platforms.ActiveCfg = Release|Any CPU
		{C2732069-700B-4E33-8FB7-7758FDBA4523}.Release|Mixed Platforms.Build.0 = Release|Any CPU
		{C2732069-700B-4E33-8FB7-7758FDBA4523}.Release|Win32.ActiveCfg = Release|Any CPU
		{C2732069-700B-4E33-8FB7-7758FDBA4523}.Release|x86.ActiveCfg = Release|Any CPU
		{43C7405B-5FEE-4E31-9FBB-D2F06E6B976B}.Debug|Any CPU.ActiveCfg = Debug|Any CPU
		{43C7405B-5FEE-4E31-9FBB-D2F06E6B976B}.Debug|Any CPU.Build.0 = Debug|Any CPU
		{43C7405B-5FEE-4E31-9FBB-D2F06E6B976B}.Debug|Mixed Platforms.ActiveCfg = Debug|Any CPU
		{43C7405B-5FEE-4E31-9FBB-D2F06E6B976B}.Debug|Mixed Platforms.Build.0 = Debug|Any CPU
		{43C7405B-5FEE-4E31-9FBB-D2F06E6B976B}.Debug|Win32.ActiveCfg = Debug|Any CPU
		{43C7405B-5FEE-4E31-9FBB-D2F06E6B976B}.Debug|x86.ActiveCfg = Debug|Any CPU
		{43C7405B-5FEE-4E31-9FBB-D2F06E6B976B}.LibraryRelease|Any CPU.ActiveCfg = Release|Any CPU
		{43C7405B-5FEE-4E31-9FBB-D2F06E6B976B}.LibraryRelease|Any CPU.Build.0 = Release|Any CPU
		{43C7405B-5FEE-4E31-9FBB-D2F06E6B976B}.LibraryRelease|Mixed Platforms.ActiveCfg = Release|Any CPU
		{43C7405B-5FEE-4E31-9FBB-D2F06E6B976B}.LibraryRelease|Mixed Platforms.Build.0 = Release|Any CPU
		{43C7405B-5FEE-4E31-9FBB-D2F06E6B976B}.LibraryRelease|Win32.ActiveCfg = Release|Any CPU
		{43C7405B-5FEE-4E31-9FBB-D2F06E6B976B}.LibraryRelease|x86.ActiveCfg = Release|Any CPU
		{43C7405B-5FEE-4E31-9FBB-D2F06E6B976B}.Release|Any CPU.ActiveCfg = Release|Any CPU
		{43C7405B-5FEE-4E31-9FBB-D2F06E6B976B}.Release|Any CPU.Build.0 = Release|Any CPU
		{43C7405B-5FEE-4E31-9FBB-D2F06E6B976B}.Release|Mixed Platforms.ActiveCfg = Release|Any CPU
		{43C7405B-5FEE-4E31-9FBB-D2F06E6B976B}.Release|Mixed Platforms.Build.0 = Release|Any CPU
		{43C7405B-5FEE-4E31-9FBB-D2F06E6B976B}.Release|Win32.ActiveCfg = Release|Any CPU
		{43C7405B-5FEE-4E31-9FBB-D2F06E6B976B}.Release|x86.ActiveCfg = Release|Any CPU
		{D607E0FD-90F1-466C-A07E-AC1CC8004993}.Debug|Any CPU.ActiveCfg = Debug|Any CPU
		{D607E0FD-90F1-466C-A07E-AC1CC8004993}.Debug|Any CPU.Build.0 = Debug|Any CPU
		{D607E0FD-90F1-466C-A07E-AC1CC8004993}.Debug|Mixed Platforms.ActiveCfg = Debug|Any CPU
		{D607E0FD-90F1-466C-A07E-AC1CC8004993}.Debug|Mixed Platforms.Build.0 = Debug|Any CPU
		{D607E0FD-90F1-466C-A07E-AC1CC8004993}.Debug|Win32.ActiveCfg = Debug|Any CPU
		{D607E0FD-90F1-466C-A07E-AC1CC8004993}.Debug|x86.ActiveCfg = Debug|Any CPU
		{D607E0FD-90F1-466C-A07E-AC1CC8004993}.LibraryRelease|Any CPU.ActiveCfg = Release|Any CPU
		{D607E0FD-90F1-466C-A07E-AC1CC8004993}.LibraryRelease|Any CPU.Build.0 = Release|Any CPU
		{D607E0FD-90F1-466C-A07E-AC1CC8004993}.LibraryRelease|Mixed Platforms.ActiveCfg = Release|Any CPU
		{D607E0FD-90F1-466C-A07E-AC1CC8004993}.LibraryRelease|Mixed Platforms.Build.0 = Release|Any CPU
		{D607E0FD-90F1-466C-A07E-AC1CC8004993}.LibraryRelease|Win32.ActiveCfg = Release|Any CPU
		{D607E0FD-90F1-466C-A07E-AC1CC8004993}.LibraryRelease|x86.ActiveCfg = Release|Any CPU
		{D607E0FD-90F1-466C-A07E-AC1CC8004993}.Release|Any CPU.ActiveCfg = Release|Any CPU
		{D607E0FD-90F1-466C-A07E-AC1CC8004993}.Release|Any CPU.Build.0 = Release|Any CPU
		{D607E0FD-90F1-466C-A07E-AC1CC8004993}.Release|Mixed Platforms.ActiveCfg = Release|Any CPU
		{D607E0FD-90F1-466C-A07E-AC1CC8004993}.Release|Mixed Platforms.Build.0 = Release|Any CPU
		{D607E0FD-90F1-466C-A07E-AC1CC8004993}.Release|Win32.ActiveCfg = Release|Any CPU
		{D607E0FD-90F1-466C-A07E-AC1CC8004993}.Release|x86.ActiveCfg = Release|Any CPU
	EndGlobalSection
	GlobalSection(SolutionProperties) = preSolution
		HideSolutionNode = FALSE
	EndGlobalSection
	GlobalSection(NestedProjects) = preSolution
		{DADE2C4A-2BCA-4E72-B662-C3142BD7E2D1} = {8ED23899-7656-4F26-A5C4-3075DA59E4DA}
		{84F78106-8AB6-470B-93EB-2630D3894B6F} = {8ED23899-7656-4F26-A5C4-3075DA59E4DA}
		{5101E19A-63DE-4DDB-861D-07094EC86C84} = {8ED23899-7656-4F26-A5C4-3075DA59E4DA}
		{D607E0FD-90F1-466C-A07E-AC1CC8004993} = {8ED23899-7656-4F26-A5C4-3075DA59E4DA}
		{C699A09C-76A9-4CB1-9EF3-0855C82D2A96} = {84F78106-8AB6-470B-93EB-2630D3894B6F}
		{CE009BFA-5EF6-4153-B2A1-2FA79698A9AE} = {84F78106-8AB6-470B-93EB-2630D3894B6F}
		{2A381CBB-8291-435C-A8E3-BBF3B590B2B6} = {84F78106-8AB6-470B-93EB-2630D3894B6F}
		{B17F825B-B40B-425C-B92F-FC82E030C985} = {84F78106-8AB6-470B-93EB-2630D3894B6F}
		{3988AC40-E13E-4334-8E19-766096655B1E} = {84F78106-8AB6-470B-93EB-2630D3894B6F}
		{C6A8B9AE-0749-41C7-8FF9-02C156696F45} = {C699A09C-76A9-4CB1-9EF3-0855C82D2A96}
		{50050BA8-B739-4931-8DBA-D77A031537FF} = {C699A09C-76A9-4CB1-9EF3-0855C82D2A96}
		{2EFAA327-1789-4438-B9F5-E83ACAE12DB2} = {C699A09C-76A9-4CB1-9EF3-0855C82D2A96}
		{02B5E453-2085-4E41-86D9-C8E8A03FB1B9} = {C699A09C-76A9-4CB1-9EF3-0855C82D2A96}
		{DBCB8926-7842-434F-9FB3-38E0E085DD1E} = {C699A09C-76A9-4CB1-9EF3-0855C82D2A96}
		{C0FAF524-72E4-46F7-8C1B-A6B74DEC5EBE} = {C699A09C-76A9-4CB1-9EF3-0855C82D2A96}
		{631AC093-430F-45F4-BA0C-AF0F0405918A} = {C699A09C-76A9-4CB1-9EF3-0855C82D2A96}
		{F718E9A8-DB62-4785-8C49-4333A60D256A} = {DBCB8926-7842-434F-9FB3-38E0E085DD1E}
		{179F3045-8757-4F4B-9508-F48327BA11E3} = {DBCB8926-7842-434F-9FB3-38E0E085DD1E}
		{7D52E35F-F376-49C8-A917-F7D06CC85800} = {775016F5-39B2-4B4F-9261-D1EB503184EE}
		{0FDEEE64-60E3-4772-927B-2EAAE4441280} = {775016F5-39B2-4B4F-9261-D1EB503184EE}
		{BEDC030C-18DB-43C7-A5DD-4A44C7791CFD} = {775016F5-39B2-4B4F-9261-D1EB503184EE}
		{C2732069-700B-4E33-8FB7-7758FDBA4523} = {C0D388D0-6C32-4F5E-8E03-07C5F2B6DF9E}
		{43C7405B-5FEE-4E31-9FBB-D2F06E6B976B} = {C0D388D0-6C32-4F5E-8E03-07C5F2B6DF9E}
	EndGlobalSection
EndGlobal
